
Microsoft Visual Studio Solution File, Format Version 12.00
# Visual Studio Version 17
VisualStudioVersion = 17.8.34525.116
MinimumVisualStudioVersion = 10.0.40219.1
Project("{FAE04EC0-301F-11D3-BF4B-00C04F79EFBC}") = "Task 1", "Task 1\Task 1.csproj", "{251EC440-F183-4759-9A89-28F73D261807}"
EndProject
Global
	GlobalSection(SolutionConfigurationPlatforms) = preSolution
		Debug|Any CPU = Debug|Any CPU
		Release|Any CPU = Release|Any CPU
	EndGlobalSection
	GlobalSection(ProjectConfigurationPlatforms) = postSolution
		{251EC440-F183-4759-9A89-28F73D261807}.Debug|Any CPU.ActiveCfg = Debug|Any CPU
		{251EC440-F183-4759-9A89-28F73D261807}.Debug|Any CPU.Build.0 = Debug|Any CPU
		{251EC440-F183-4759-9A89-28F73D261807}.Release|Any CPU.ActiveCfg = Release|Any CPU
		{251EC440-F183-4759-9A89-28F73D261807}.Release|Any CPU.Build.0 = Release|Any CPU
	EndGlobalSection
	GlobalSection(SolutionProperties) = preSolution
		HideSolutionNode = FALSE
	EndGlobalSection
	GlobalSection(ExtensibilityGlobals) = postSolution
		SolutionGuid = {76A4F87B-8CB7-432D-AC6E-B9003C4C254F}
	EndGlobalSection
EndGlobal
